
Microsoft Visual Studio Solution File, Format Version 12.00
# Visual Studio 15
VisualStudioVersion = 15.0.27130.2020
MinimumVisualStudioVersion = 10.0.40219.1
Project("{FAE04EC0-301F-11D3-BF4B-00C04F79EFBC}") = "CadeMeuMedico", "CadeMeuMedico\CadeMeuMedico.csproj", "{578E52A8-23BA-43C5-B070-AFDAD5C736F5}"
EndProject
Global
	GlobalSection(SolutionConfigurationPlatforms) = preSolution
		Debug|Any CPU = Debug|Any CPU
		Release|Any CPU = Release|Any CPU
	EndGlobalSection
	GlobalSection(ProjectConfigurationPlatforms) = postSolution
		{578E52A8-23BA-43C5-B070-AFDAD5C736F5}.Debug|Any CPU.ActiveCfg = Debug|Any CPU
		{578E52A8-23BA-43C5-B070-AFDAD5C736F5}.Debug|Any CPU.Build.0 = Debug|Any CPU
		{578E52A8-23BA-43C5-B070-AFDAD5C736F5}.Release|Any CPU.ActiveCfg = Release|Any CPU
		{578E52A8-23BA-43C5-B070-AFDAD5C736F5}.Release|Any CPU.Build.0 = Release|Any CPU
	EndGlobalSection
	GlobalSection(SolutionProperties) = preSolution
		HideSolutionNode = FALSE
	EndGlobalSection
	GlobalSection(ExtensibilityGlobals) = postSolution
		SolutionGuid = {28F91774-60C2-4E6B-A10B-E8EAA74E6166}
	EndGlobalSection
EndGlobal
